// !$*UTF8*$!
{
	archiveVersion = 1;
	classes = {
	};
	objectVersion = 56;
	objects = {

/* Begin PBXBuildFile section */
		86E728D3294446BF0042CE86 /* AppDelegate.swift in Sources */ = {isa = PBXBuildFile; fileRef = 86E728D2294446BF0042CE86 /* AppDelegate.swift */; };
		86E728D5294446BF0042CE86 /* SceneDelegate.swift in Sources */ = {isa = PBXBuildFile; fileRef = 86E728D4294446BF0042CE86 /* SceneDelegate.swift */; };
		86E728D7294446BF0042CE86 /* MainViewController.swift in Sources */ = {isa = PBXBuildFile; fileRef = 86E728D6294446BF0042CE86 /* MainViewController.swift */; };
		86E728DA294446BF0042CE86 /* Main.storyboard in Resources */ = {isa = PBXBuildFile; fileRef = 86E728D8294446BF0042CE86 /* Main.storyboard */; };
		86E728DC294446BF0042CE86 /* Assets.xcassets in Resources */ = {isa = PBXBuildFile; fileRef = 86E728DB294446BF0042CE86 /* Assets.xcassets */; };
		86E728DF294446BF0042CE86 /* LaunchScreen.storyboard in Resources */ = {isa = PBXBuildFile; fileRef = 86E728DD294446BF0042CE86 /* LaunchScreen.storyboard */; };
		86E728EA294446C00042CE86 /* JCTicker_SampleTests.swift in Sources */ = {isa = PBXBuildFile; fileRef = 86E728E9294446C00042CE86 /* JCTicker_SampleTests.swift */; };
		86E728F4294446C00042CE86 /* JCTicker_SampleUITests.swift in Sources */ = {isa = PBXBuildFile; fileRef = 86E728F3294446C00042CE86 /* JCTicker_SampleUITests.swift */; };
		86E728F6294446C00042CE86 /* JCTicker_SampleUITestsLaunchTests.swift in Sources */ = {isa = PBXBuildFile; fileRef = 86E728F5294446C00042CE86 /* JCTicker_SampleUITestsLaunchTests.swift */; };
		86E72904294446C80042CE86 /* JCTicker.framework in Frameworks */ = {isa = PBXBuildFile; fileRef = 86E72903294446C80042CE86 /* JCTicker.framework */; };
		86E72905294446C80042CE86 /* JCTicker.framework in Embed Frameworks */ = {isa = PBXBuildFile; fileRef = 86E72903294446C80042CE86 /* JCTicker.framework */; settings = {ATTRIBUTES = (CodeSignOnCopy, RemoveHeadersOnCopy, ); }; };
/* End PBXBuildFile section */

/* Begin PBXContainerItemProxy section */
		86E728E6294446C00042CE86 /* PBXContainerItemProxy */ = {
			isa = PBXContainerItemProxy;
			containerPortal = 86E728C7294446BF0042CE86 /* Project object */;
			proxyType = 1;
			remoteGlobalIDString = 86E728CE294446BF0042CE86;
			remoteInfo = "JCTicker-Sample";
		};
		86E728F0294446C00042CE86 /* PBXContainerItemProxy */ = {
			isa = PBXContainerItemProxy;
			containerPortal = 86E728C7294446BF0042CE86 /* Project object */;
			proxyType = 1;
			remoteGlobalIDString = 86E728CE294446BF0042CE86;
			remoteInfo = "JCTicker-Sample";
		};
/* End PBXContainerItemProxy section */

/* Begin PBXCopyFilesBuildPhase section */
		86E72906294446C80042CE86 /* Embed Frameworks */ = {
			isa = PBXCopyFilesBuildPhase;
			buildActionMask = 2147483647;
			dstPath = "";
			dstSubfolderSpec = 10;
			files = (
				86E72905294446C80042CE86 /* JCTicker.framework in Embed Frameworks */,
			);
			name = "Embed Frameworks";
			runOnlyForDeploymentPostprocessing = 0;
		};
/* End PBXCopyFilesBuildPhase section */

/* Begin PBXFileReference section */
		86E728CF294446BF0042CE86 /* JCTicker-Sample.app */ = {isa = PBXFileReference; explicitFileType = wrapper.application; includeInIndex = 0; path = "JCTicker-Sample.app"; sourceTree = BUILT_PRODUCTS_DIR; };
		86E728D2294446BF0042CE86 /* AppDelegate.swift */ = {isa = PBXFileReference; lastKnownFileType = sourcecode.swift; path = AppDelegate.swift; sourceTree = "<group>"; };
		86E728D4294446BF0042CE86 /* SceneDelegate.swift */ = {isa = PBXFileReference; lastKnownFileType = sourcecode.swift; path = SceneDelegate.swift; sourceTree = "<group>"; };
		86E728D6294446BF0042CE86 /* MainViewController.swift */ = {isa = PBXFileReference; lastKnownFileType = sourcecode.swift; path = MainViewController.swift; sourceTree = "<group>"; };
		86E728D9294446BF0042CE86 /* Base */ = {isa = PBXFileReference; lastKnownFileType = file.storyboard; name = Base; path = Base.lproj/Main.storyboard; sourceTree = "<group>"; };
		86E728DB294446BF0042CE86 /* Assets.xcassets */ = {isa = PBXFileReference; lastKnownFileType = folder.assetcatalog; path = Assets.xcassets; sourceTree = "<group>"; };
		86E728DE294446BF0042CE86 /* Base */ = {isa = PBXFileReference; lastKnownFileType = file.storyboard; name = Base; path = Base.lproj/LaunchScreen.storyboard; sourceTree = "<group>"; };
		86E728E0294446BF0042CE86 /* Info.plist */ = {isa = PBXFileReference; lastKnownFileType = text.plist.xml; path = Info.plist; sourceTree = "<group>"; };
		86E728E5294446C00042CE86 /* JCTicker-SampleTests.xctest */ = {isa = PBXFileReference; explicitFileType = wrapper.cfbundle; includeInIndex = 0; path = "JCTicker-SampleTests.xctest"; sourceTree = BUILT_PRODUCTS_DIR; };
		86E728E9294446C00042CE86 /* JCTicker_SampleTests.swift */ = {isa = PBXFileReference; lastKnownFileType = sourcecode.swift; path = JCTicker_SampleTests.swift; sourceTree = "<group>"; };
		86E728EF294446C00042CE86 /* JCTicker-SampleUITests.xctest */ = {isa = PBXFileReference; explicitFileType = wrapper.cfbundle; includeInIndex = 0; path = "JCTicker-SampleUITests.xctest"; sourceTree = BUILT_PRODUCTS_DIR; };
		86E728F3294446C00042CE86 /* JCTicker_SampleUITests.swift */ = {isa = PBXFileReference; lastKnownFileType = sourcecode.swift; path = JCTicker_SampleUITests.swift; sourceTree = "<group>"; };
		86E728F5294446C00042CE86 /* JCTicker_SampleUITestsLaunchTests.swift */ = {isa = PBXFileReference; lastKnownFileType = sourcecode.swift; path = JCTicker_SampleUITestsLaunchTests.swift; sourceTree = "<group>"; };
		86E72903294446C80042CE86 /* JCTicker.framework */ = {isa = PBXFileReference; explicitFileType = wrapper.framework; path = JCTicker.framework; sourceTree = BUILT_PRODUCTS_DIR; };
/* End PBXFileReference section */

/* Begin PBXFrameworksBuildPhase section */
		86E728CC294446BF0042CE86 /* Frameworks */ = {
			isa = PBXFrameworksBuildPhase;
			buildActionMask = 2147483647;
			files = (
				86E72904294446C80042CE86 /* JCTicker.framework in Frameworks */,
			);
			runOnlyForDeploymentPostprocessing = 0;
		};
		86E728E2294446C00042CE86 /* Frameworks */ = {
			isa = PBXFrameworksBuildPhase;
			buildActionMask = 2147483647;
			files = (
			);
			runOnlyForDeploymentPostprocessing = 0;
		};
		86E728EC294446C00042CE86 /* Frameworks */ = {
			isa = PBXFrameworksBuildPhase;
			buildActionMask = 2147483647;
			files = (
			);
			runOnlyForDeploymentPostprocessing = 0;
		};
/* End PBXFrameworksBuildPhase section */

/* Begin PBXGroup section */
		86E728C6294446BF0042CE86 = {
			isa = PBXGroup;
			children = (
				86E728D1294446BF0042CE86 /* JCTicker-Sample */,
				86E728E8294446C00042CE86 /* JCTicker-SampleTests */,
				86E728F2294446C00042CE86 /* JCTicker-SampleUITests */,
				86E728D0294446BF0042CE86 /* Products */,
				86E72902294446C80042CE86 /* Frameworks */,
			);
			sourceTree = "<group>";
		};
		86E728D0294446BF0042CE86 /* Products */ = {
			isa = PBXGroup;
			children = (
				86E728CF294446BF0042CE86 /* JCTicker-Sample.app */,
				86E728E5294446C00042CE86 /* JCTicker-SampleTests.xctest */,
				86E728EF294446C00042CE86 /* JCTicker-SampleUITests.xctest */,
			);
			name = Products;
			sourceTree = "<group>";
		};
		86E728D1294446BF0042CE86 /* JCTicker-Sample */ = {
			isa = PBXGroup;
			children = (
				86E728D2294446BF0042CE86 /* AppDelegate.swift */,
				86E728D4294446BF0042CE86 /* SceneDelegate.swift */,
				86E728D6294446BF0042CE86 /* MainViewController.swift */,
				86E728D8294446BF0042CE86 /* Main.storyboard */,
				86E728DB294446BF0042CE86 /* Assets.xcassets */,
				86E728DD294446BF0042CE86 /* LaunchScreen.storyboard */,
				86E728E0294446BF0042CE86 /* Info.plist */,
			);
			path = "JCTicker-Sample";
			sourceTree = "<group>";
		};
		86E728E8294446C00042CE86 /* JCTicker-SampleTests */ = {
			isa = PBXGroup;
			children = (
				86E728E9294446C00042CE86 /* JCTicker_SampleTests.swift */,
			);
			path = "JCTicker-SampleTests";
			sourceTree = "<group>";
		};
		86E728F2294446C00042CE86 /* JCTicker-SampleUITests */ = {
			isa = PBXGroup;
			children = (
				86E728F3294446C00042CE86 /* JCTicker_SampleUITests.swift */,
				86E728F5294446C00042CE86 /* JCTicker_SampleUITestsLaunchTests.swift */,
			);
			path = "JCTicker-SampleUITests";
			sourceTree = "<group>";
		};
		86E72902294446C80042CE86 /* Frameworks */ = {
			isa = PBXGroup;
			children = (
				86E72903294446C80042CE86 /* JCTicker.framework */,
			);
			name = Frameworks;
			sourceTree = "<group>";
		};
/* End PBXGroup section */

/* Begin PBXNativeTarget section */
		86E728CE294446BF0042CE86 /* JCTicker-Sample */ = {
			isa = PBXNativeTarget;
			buildConfigurationList = 86E728F9294446C00042CE86 /* Build configuration list for PBXNativeTarget "JCTicker-Sample" */;
			buildPhases = (
				86E728CB294446BF0042CE86 /* Sources */,
				86E728CC294446BF0042CE86 /* Frameworks */,
				86E728CD294446BF0042CE86 /* Resources */,
				86E72906294446C80042CE86 /* Embed Frameworks */,
			);
			buildRules = (
			);
			dependencies = (
			);
			name = "JCTicker-Sample";
			productName = "JCTicker-Sample";
			productReference = 86E728CF294446BF0042CE86 /* JCTicker-Sample.app */;
			productType = "com.apple.product-type.application";
		};
		86E728E4294446C00042CE86 /* JCTicker-SampleTests */ = {
			isa = PBXNativeTarget;
			buildConfigurationList = 86E728FC294446C00042CE86 /* Build configuration list for PBXNativeTarget "JCTicker-SampleTests" */;
			buildPhases = (
				86E728E1294446C00042CE86 /* Sources */,
				86E728E2294446C00042CE86 /* Frameworks */,
				86E728E3294446C00042CE86 /* Resources */,
			);
			buildRules = (
			);
			dependencies = (
				86E728E7294446C00042CE86 /* PBXTargetDependency */,
			);
			name = "JCTicker-SampleTests";
			productName = "JCTicker-SampleTests";
			productReference = 86E728E5294446C00042CE86 /* JCTicker-SampleTests.xctest */;
			productType = "com.apple.product-type.bundle.unit-test";
		};
		86E728EE294446C00042CE86 /* JCTicker-SampleUITests */ = {
			isa = PBXNativeTarget;
			buildConfigurationList = 86E728FF294446C00042CE86 /* Build configuration list for PBXNativeTarget "JCTicker-SampleUITests" */;
			buildPhases = (
				86E728EB294446C00042CE86 /* Sources */,
				86E728EC294446C00042CE86 /* Frameworks */,
				86E728ED294446C00042CE86 /* Resources */,
			);
			buildRules = (
			);
			dependencies = (
				86E728F1294446C00042CE86 /* PBXTargetDependency */,
			);
			name = "JCTicker-SampleUITests";
			productName = "JCTicker-SampleUITests";
			productReference = 86E728EF294446C00042CE86 /* JCTicker-SampleUITests.xctest */;
			productType = "com.apple.product-type.bundle.ui-testing";
		};
/* End PBXNativeTarget section */

/* Begin PBXProject section */
		86E728C7294446BF0042CE86 /* Project object */ = {
			isa = PBXProject;
			attributes = {
				BuildIndependentTargetsInParallel = 1;
				LastSwiftUpdateCheck = 1410;
				LastUpgradeCheck = 1410;
				ORGANIZATIONNAME = "jesse chen";
				TargetAttributes = {
					86E728CE294446BF0042CE86 = {
						CreatedOnToolsVersion = 14.1;
					};
					86E728E4294446C00042CE86 = {
						CreatedOnToolsVersion = 14.1;
						TestTargetID = 86E728CE294446BF0042CE86;
					};
					86E728EE294446C00042CE86 = {
						CreatedOnToolsVersion = 14.1;
						TestTargetID = 86E728CE294446BF0042CE86;
					};
				};
			};
			buildConfigurationList = 86E728CA294446BF0042CE86 /* Build configuration list for PBXProject "JCTicker-Sample" */;
			compatibilityVersion = "Xcode 14.0";
			developmentRegion = en;
			hasScannedForEncodings = 0;
			knownRegions = (
				en,
				Base,
			);
			mainGroup = 86E728C6294446BF0042CE86;
			productRefGroup = 86E728D0294446BF0042CE86 /* Products */;
			projectDirPath = "";
			projectRoot = "";
			targets = (
				86E728CE294446BF0042CE86 /* JCTicker-Sample */,
				86E728E4294446C00042CE86 /* JCTicker-SampleTests */,
				86E728EE294446C00042CE86 /* JCTicker-SampleUITests */,
			);
		};
/* End PBXProject section */

/* Begin PBXResourcesBuildPhase section */
		86E728CD294446BF0042CE86 /* Resources */ = {
			isa = PBXResourcesBuildPhase;
			buildActionMask = 2147483647;
			files = (
				86E728DF294446BF0042CE86 /* LaunchScreen.storyboard in Resources */,
				86E728DC294446BF0042CE86 /* Assets.xcassets in Resources */,
				86E728DA294446BF0042CE86 /* Main.storyboard in Resources */,
			);
			runOnlyForDeploymentPostprocessing = 0;
		};
		86E728E3294446C00042CE86 /* Resources */ = {
			isa = PBXResourcesBuildPhase;
			buildActionMask = 2147483647;
			files = (
			);
			runOnlyForDeploymentPostprocessing = 0;
		};
		86E728ED294446C00042CE86 /* Resources */ = {
			isa = PBXResourcesBuildPhase;
			buildActionMask = 2147483647;
			files = (
			);
			runOnlyForDeploymentPostprocessing = 0;
		};
/* End PBXResourcesBuildPhase section */

/* Begin PBXSourcesBuildPhase section */
		86E728CB294446BF0042CE86 /* Sources */ = {
			isa = PBXSourcesBuildPhase;
			buildActionMask = 2147483647;
			files = (
				86E728D7294446BF0042CE86 /* MainViewController.swift in Sources */,
				86E728D3294446BF0042CE86 /* AppDelegate.swift in Sources */,
				86E728D5294446BF0042CE86 /* SceneDelegate.swift in Sources */,
			);
			runOnlyForDeploymentPostprocessing = 0;
		};
		86E728E1294446C00042CE86 /* Sources */ = {
			isa = PBXSourcesBuildPhase;
			buildActionMask = 2147483647;
			files = (
				86E728EA294446C00042CE86 /* JCTicker_SampleTests.swift in Sources */,
			);
			runOnlyForDeploymentPostprocessing = 0;
		};
		86E728EB294446C00042CE86 /* Sources */ = {
			isa = PBXSourcesBuildPhase;
			buildActionMask = 2147483647;
			files = (
				86E728F4294446C00042CE86 /* JCTicker_SampleUITests.swift in Sources */,
				86E728F6294446C00042CE86 /* JCTicker_SampleUITestsLaunchTests.swift in Sources */,
			);
			runOnlyForDeploymentPostprocessing = 0;
		};
/* End PBXSourcesBuildPhase section */

/* Begin PBXTargetDependency section */
		86E728E7294446C00042CE86 /* PBXTargetDependency */ = {
			isa = PBXTargetDependency;
			target = 86E728CE294446BF0042CE86 /* JCTicker-Sample */;
			targetProxy = 86E728E6294446C00042CE86 /* PBXContainerItemProxy */;
		};
		86E728F1294446C00042CE86 /* PBXTargetDependency */ = {
			isa = PBXTargetDependency;
			target = 86E728CE294446BF0042CE86 /* JCTicker-Sample */;
			targetProxy = 86E728F0294446C00042CE86 /* PBXContainerItemProxy */;
		};
/* End PBXTargetDependency section */

/* Begin PBXVariantGroup section */
		86E728D8294446BF0042CE86 /* Main.storyboard */ = {
			isa = PBXVariantGroup;
			children = (
				86E728D9294446BF0042CE86 /* Base */,
			);
			name = Main.storyboard;
			sourceTree = "<group>";
		};
		86E728DD294446BF0042CE86 /* LaunchScreen.storyboard */ = {
			isa = PBXVariantGroup;
			children = (
				86E728DE294446BF0042CE86 /* Base */,
			);
			name = LaunchScreen.storyboard;
			sourceTree = "<group>";
		};
/* End PBXVariantGroup section */

/* Begin XCBuildConfiguration section */
		86E728F7294446C00042CE86 /* Debug */ = {
			isa = XCBuildConfiguration;
			buildSettings = {
				ALWAYS_SEARCH_USER_PATHS = NO;
				CLANG_ANALYZER_NONNULL = YES;
				CLANG_ANALYZER_NUMBER_OBJECT_CONVERSION = YES_AGGRESSIVE;
				CLANG_CXX_LANGUAGE_STANDARD = "gnu++20";
				CLANG_ENABLE_MODULES = YES;
				CLANG_ENABLE_OBJC_ARC = YES;
				CLANG_ENABLE_OBJC_WEAK = YES;
				CLANG_WARN_BLOCK_CAPTURE_AUTORELEASING = YES;
				CLANG_WARN_BOOL_CONVERSION = YES;
				CLANG_WARN_COMMA = YES;
				CLANG_WARN_CONSTANT_CONVERSION = YES;
				CLANG_WARN_DEPRECATED_OBJC_IMPLEMENTATIONS = YES;
				CLANG_WARN_DIRECT_OBJC_ISA_USAGE = YES_ERROR;
				CLANG_WARN_DOCUMENTATION_COMMENTS = YES;
				CLANG_WARN_EMPTY_BODY = YES;
				CLANG_WARN_ENUM_CONVERSION = YES;
				CLANG_WARN_INFINITE_RECURSION = YES;
				CLANG_WARN_INT_CONVERSION = YES;
				CLANG_WARN_NON_LITERAL_NULL_CONVERSION = YES;
				CLANG_WARN_OBJC_IMPLICIT_RETAIN_SELF = YES;
				CLANG_WARN_OBJC_LITERAL_CONVERSION = YES;
				CLANG_WARN_OBJC_ROOT_CLASS = YES_ERROR;
				CLANG_WARN_QUOTED_INCLUDE_IN_FRAMEWORK_HEADER = YES;
				CLANG_WARN_RANGE_LOOP_ANALYSIS = YES;
				CLANG_WARN_STRICT_PROTOTYPES = YES;
				CLANG_WARN_SUSPICIOUS_MOVE = YES;
				CLANG_WARN_UNGUARDED_AVAILABILITY = YES_AGGRESSIVE;
				CLANG_WARN_UNREACHABLE_CODE = YES;
				CLANG_WARN__DUPLICATE_METHOD_MATCH = YES;
				COPY_PHASE_STRIP = NO;
				DEBUG_INFORMATION_FORMAT = dwarf;
				ENABLE_STRICT_OBJC_MSGSEND = YES;
				ENABLE_TESTABILITY = YES;
				GCC_C_LANGUAGE_STANDARD = gnu11;
				GCC_DYNAMIC_NO_PIC = NO;
				GCC_NO_COMMON_BLOCKS = YES;
				GCC_OPTIMIZATION_LEVEL = 0;
				GCC_PREPROCESSOR_DEFINITIONS = (
					"DEBUG=1",
					"$(inherited)",
				);
				GCC_WARN_64_TO_32_BIT_CONVERSION = YES;
				GCC_WARN_ABOUT_RETURN_TYPE = YES_ERROR;
				GCC_WARN_UNDECLARED_SELECTOR = YES;
				GCC_WARN_UNINITIALIZED_AUTOS = YES_AGGRESSIVE;
				GCC_WARN_UNUSED_FUNCTION = YES;
				GCC_WARN_UNUSED_VARIABLE = YES;
				IPHONEOS_DEPLOYMENT_TARGET = 16.1;
				MTL_ENABLE_DEBUG_INFO = INCLUDE_SOURCE;
				MTL_FAST_MATH = YES;
				ONLY_ACTIVE_ARCH = YES;
				SDKROOT = iphoneos;
				SWIFT_ACTIVE_COMPILATION_CONDITIONS = DEBUG;
				SWIFT_OPTIMIZATION_LEVEL = "-Onone";
			};
			name = Debug;
		};
		86E728F8294446C00042CE86 /* Release */ = {
			isa = XCBuildConfiguration;
			buildSettings = {
				ALWAYS_SEARCH_USER_PATHS = NO;
				CLANG_ANALYZER_NONNULL = YES;
				CLANG_ANALYZER_NUMBER_OBJECT_CONVERSION = YES_AGGRESSIVE;
				CLANG_CXX_LANGUAGE_STANDARD = "gnu++20";
				CLANG_ENABLE_MODULES = YES;
				CLANG_ENABLE_OBJC_ARC = YES;
				CLANG_ENABLE_OBJC_WEAK = YES;
				CLANG_WARN_BLOCK_CAPTURE_AUTORELEASING = YES;
				CLANG_WARN_BOOL_CONVERSION = YES;
				CLANG_WARN_COMMA = YES;
				CLANG_WARN_CONSTANT_CONVERSION = YES;
				CLANG_WARN_DEPRECATED_OBJC_IMPLEMENTATIONS = YES;
				CLANG_WARN_DIRECT_OBJC_ISA_USAGE = YES_ERROR;
				CLANG_WARN_DOCUMENTATION_COMMENTS = YES;
				CLANG_WARN_EMPTY_BODY = YES;
				CLANG_WARN_ENUM_CONVERSION = YES;
				CLANG_WARN_INFINITE_RECURSION = YES;
				CLANG_WARN_INT_CONVERSION = YES;
				CLANG_WARN_NON_LITERAL_NULL_CONVERSION = YES;
				CLANG_WARN_OBJC_IMPLICIT_RETAIN_SELF = YES;
				CLANG_WARN_OBJC_LITERAL_CONVERSION = YES;
				CLANG_WARN_OBJC_ROOT_CLASS = YES_ERROR;
				CLANG_WARN_QUOTED_INCLUDE_IN_FRAMEWORK_HEADER = YES;
				CLANG_WARN_RANGE_LOOP_ANALYSIS = YES;
				CLANG_WARN_STRICT_PROTOTYPES = YES;
				CLANG_WARN_SUSPICIOUS_MOVE = YES;
				CLANG_WARN_UNGUARDED_AVAILABILITY = YES_AGGRESSIVE;
				CLANG_WARN_UNREACHABLE_CODE = YES;
				CLANG_WARN__DUPLICATE_METHOD_MATCH = YES;
				COPY_PHASE_STRIP = NO;
				DEBUG_INFORMATION_FORMAT = "dwarf-with-dsym";
				ENABLE_NS_ASSERTIONS = NO;
				ENABLE_STRICT_OBJC_MSGSEND = YES;
				GCC_C_LANGUAGE_STANDARD = gnu11;
				GCC_NO_COMMON_BLOCKS = YES;
				GCC_WARN_64_TO_32_BIT_CONVERSION = YES;
				GCC_WARN_ABOUT_RETURN_TYPE = YES_ERROR;
				GCC_WARN_UNDECLARED_SELECTOR = YES;
				GCC_WARN_UNINITIALIZED_AUTOS = YES_AGGRESSIVE;
				GCC_WARN_UNUSED_FUNCTION = YES;
				GCC_WARN_UNUSED_VARIABLE = YES;
				IPHONEOS_DEPLOYMENT_TARGET = 16.1;
				MTL_ENABLE_DEBUG_INFO = NO;
				MTL_FAST_MATH = YES;
				SDKROOT = iphoneos;
				SWIFT_COMPILATION_MODE = wholemodule;
				SWIFT_OPTIMIZATION_LEVEL = "-O";
				VALIDATE_PRODUCT = YES;
			};
			name = Release;
		};
		86E728FA294446C00042CE86 /* Debug */ = {
			isa = XCBuildConfiguration;
			buildSettings = {
				ASSETCATALOG_COMPILER_APPICON_NAME = AppIcon;
				ASSETCATALOG_COMPILER_GLOBAL_ACCENT_COLOR_NAME = AccentColor;
				CODE_SIGN_STYLE = Automatic;
				CURRENT_PROJECT_VERSION = 1;
				GENERATE_INFOPLIST_FILE = YES;
				INFOPLIST_FILE = "JCTicker-Sample/Info.plist";
				INFOPLIST_KEY_UIApplicationSupportsIndirectInputEvents = YES;
				INFOPLIST_KEY_UILaunchStoryboardName = LaunchScreen;
				INFOPLIST_KEY_UIMainStoryboardFile = Main;
				INFOPLIST_KEY_UISupportedInterfaceOrientations_iPad = "UIInterfaceOrientationPortrait UIInterfaceOrientationPortraitUpsideDown UIInterfaceOrientationLandscapeLeft UIInterfaceOrientationLandscapeRight";
				INFOPLIST_KEY_UISupportedInterfaceOrientations_iPhone = "UIInterfaceOrientationPortrait UIInterfaceOrientationLandscapeLeft UIInterfaceOrientationLandscapeRight";
				LD_RUNPATH_SEARCH_PATHS = (
					"$(inherited)",
					"@executable_path/Frameworks",
				);
				MARKETING_VERSION = 1.0;
				PRODUCT_BUNDLE_IDENTIFIER = "jesse.c.JCTicker-Sample";
				PRODUCT_NAME = "$(TARGET_NAME)";
				SWIFT_EMIT_LOC_STRINGS = YES;
				SWIFT_VERSION = 5.0;
				TARGETED_DEVICE_FAMILY = "1,2";
			};
			name = Debug;
		};
		86E728FB294446C00042CE86 /* Release */ = {
			isa = XCBuildConfiguration;
			buildSettings = {
				ASSETCATALOG_COMPILER_APPICON_NAME = AppIcon;
				ASSETCATALOG_COMPILER_GLOBAL_ACCENT_COLOR_NAME = AccentColor;
				CODE_SIGN_STYLE = Automatic;
				CURRENT_PROJECT_VERSION = 1;
				GENERATE_INFOPLIST_FILE = YES;
				INFOPLIST_FILE = "JCTicker-Sample/Info.plist";
				INFOPLIST_KEY_UIApplicationSupportsIndirectInputEvents = YES;
				INFOPLIST_KEY_UILaunchStoryboardName = LaunchScreen;
				INFOPLIST_KEY_UIMainStoryboardFile = Main;
				INFOPLIST_KEY_UISupportedInterfaceOrientations_iPad = "UIInterfaceOrientationPortrait UIInterfaceOrientationPortraitUpsideDown UIInterfaceOrientationLandscapeLeft UIInterfaceOrientationLandscapeRight";
				INFOPLIST_KEY_UISupportedInterfaceOrientations_iPhone = "UIInterfaceOrientationPortrait UIInterfaceOrientationLandscapeLeft UIInterfaceOrientationLandscapeRight";
				LD_RUNPATH_SEARCH_PATHS = (
					"$(inherited)",
					"@executable_path/Frameworks",
				);
				MARKETING_VERSION = 1.0;
				PRODUCT_BUNDLE_IDENTIFIER = "jesse.c.JCTicker-Sample";
				PRODUCT_NAME = "$(TARGET_NAME)";
				SWIFT_EMIT_LOC_STRINGS = YES;
				SWIFT_VERSION = 5.0;
				TARGETED_DEVICE_FAMILY = "1,2";
			};
			name = Release;
		};
		86E728FD294446C00042CE86 /* Debug */ = {
			isa = XCBuildConfiguration;
			buildSettings = {
				ALWAYS_EMBED_SWIFT_STANDARD_LIBRARIES = YES;
				BUNDLE_LOADER = "$(TEST_HOST)";
				CODE_SIGN_STYLE = Automatic;
				CURRENT_PROJECT_VERSION = 1;
				GENERATE_INFOPLIST_FILE = YES;
				IPHONEOS_DEPLOYMENT_TARGET = 16.1;
				MARKETING_VERSION = 1.0;
				PRODUCT_BUNDLE_IDENTIFIER = "jesse.c.JCTicker-SampleTests";
				PRODUCT_NAME = "$(TARGET_NAME)";
				SWIFT_EMIT_LOC_STRINGS = NO;
				SWIFT_VERSION = 5.0;
				TARGETED_DEVICE_FAMILY = "1,2";
				TEST_HOST = "$(BUILT_PRODUCTS_DIR)/JCTicker-Sample.app/$(BUNDLE_EXECUTABLE_FOLDER_PATH)/JCTicker-Sample";
			};
			name = Debug;
		};
		86E728FE294446C00042CE86 /* Release */ = {
			isa = XCBuildConfiguration;
			buildSettings = {
				ALWAYS_EMBED_SWIFT_STANDARD_LIBRARIES = YES;
				BUNDLE_LOADER = "$(TEST_HOST)";
				CODE_SIGN_STYLE = Automatic;
				CURRENT_PROJECT_VERSION = 1;
				GENERATE_INFOPLIST_FILE = YES;
				IPHONEOS_DEPLOYMENT_TARGET = 16.1;
				MARKETING_VERSION = 1.0;
				PRODUCT_BUNDLE_IDENTIFIER = "jesse.c.JCTicker-SampleTests";
				PRODUCT_NAME = "$(TARGET_NAME)";
				SWIFT_EMIT_LOC_STRINGS = NO;
				SWIFT_VERSION = 5.0;
				TARGETED_DEVICE_FAMILY = "1,2";
				TEST_HOST = "$(BUILT_PRODUCTS_DIR)/JCTicker-Sample.app/$(BUNDLE_EXECUTABLE_FOLDER_PATH)/JCTicker-Sample";
			};
			name = Release;
		};
		86E72900294446C00042CE86 /* Debug */ = {
			isa = XCBuildConfiguration;
			buildSettings = {
				ALWAYS_EMBED_SWIFT_STANDARD_LIBRARIES = YES;
				CODE_SIGN_STYLE = Automatic;
				CURRENT_PROJECT_VERSION = 1;
				GENERATE_INFOPLIST_FILE = YES;
				MARKETING_VERSION = 1.0;
				PRODUCT_BUNDLE_IDENTIFIER = "jesse.c.JCTicker-SampleUITests";
				PRODUCT_NAME = "$(TARGET_NAME)";
				SWIFT_EMIT_LOC_STRINGS = NO;
				SWIFT_VERSION = 5.0;
				TARGETED_DEVICE_FAMILY = "1,2";
				TEST_TARGET_NAME = "JCTicker-Sample";
			};
			name = Debug;
		};
		86E72901294446C00042CE86 /* Release */ = {
			isa = XCBuildConfiguration;
			buildSettings = {
				ALWAYS_EMBED_SWIFT_STANDARD_LIBRARIES = YES;
				CODE_SIGN_STYLE = Automatic;
				CURRENT_PROJECT_VERSION = 1;
				GENERATE_INFOPLIST_FILE = YES;
				MARKETING_VERSION = 1.0;
				PRODUCT_BUNDLE_IDENTIFIER = "jesse.c.JCTicker-SampleUITests";
				PRODUCT_NAME = "$(TARGET_NAME)";
				SWIFT_EMIT_LOC_STRINGS = NO;
				SWIFT_VERSION = 5.0;
				TARGETED_DEVICE_FAMILY = "1,2";
				TEST_TARGET_NAME = "JCTicker-Sample";
			};
			name = Release;
		};
/* End XCBuildConfiguration section */

/* Begin XCConfigurationList section */
		86E728CA294446BF0042CE86 /* Build configuration list for PBXProject "JCTicker-Sample" */ = {
			isa = XCConfigurationList;
			buildConfigurations = (
				86E728F7294446C00042CE86 /* Debug */,
				86E728F8294446C00042CE86 /* Release */,
			);
			defaultConfigurationIsVisible = 0;
			defaultConfigurationName = Release;
		};
		86E728F9294446C00042CE86 /* Build configuration list for PBXNativeTarget "JCTicker-Sample" */ = {
			isa = XCConfigurationList;
			buildConfigurations = (
				86E728FA294446C00042CE86 /* Debug */,
				86E728FB294446C00042CE86 /* Release */,
			);
			defaultConfigurationIsVisible = 0;
			defaultConfigurationName = Release;
		};
		86E728FC294446C00042CE86 /* Build configuration list for PBXNativeTarget "JCTicker-SampleTests" */ = {
			isa = XCConfigurationList;
			buildConfigurations = (
				86E728FD294446C00042CE86 /* Debug */,
				86E728FE294446C00042CE86 /* Release */,
			);
			defaultConfigurationIsVisible = 0;
			defaultConfigurationName = Release;
		};
		86E728FF294446C00042CE86 /* Build configuration list for PBXNativeTarget "JCTicker-SampleUITests" */ = {
			isa = XCConfigurationList;
			buildConfigurations = (
				86E72900294446C00042CE86 /* Debug */,
				86E72901294446C00042CE86 /* Release */,
			);
			defaultConfigurationIsVisible = 0;
			defaultConfigurationName = Release;
		};
/* End XCConfigurationList section */
	};
	rootObject = 86E728C7294446BF0042CE86 /* Project object */;
}
